// !$*UTF8*$!
{
	archiveVersion = 1;
	classes = {
	};
	objectVersion = 77;
	objects = {

/* Begin PBXBuildFile section */
		32AD1948A9AB4C779243424A /* LanguageSupport in Frameworks */ = {isa = PBXBuildFile; productRef = 01CA14F4BFA848B596A3B728 /* LanguageSupport */; };
		877CE6C82DF8902900B93778 /* NIOSSH in Frameworks */ = {isa = PBXBuildFile; productRef = 877CE6C72DF8902900B93778 /* NIOSSH */; };
		87AD5F8C2E1D6B750035A296 /* SwiftASN1 in Frameworks */ = {isa = PBXBuildFile; productRef = 87AD5F8B2E1D6B750035A296 /* SwiftASN1 */; };
		87CEB3292E156C1F00AC3F71 /* LICENSE.txt in Resources */ = {isa = PBXBuildFile; fileRef = 87CEB3282E156C1F00AC3F71 /* LICENSE.txt */; };
		87E5A1B12F00000100ABCDEF /* ExyteChat in Frameworks */ = {isa = PBXBuildFile; productRef = 87E5A1B02F00000100ABCDEF /* ExyteChat */; };
		A5E9B1B311A241139090CED1 /* CodeEditorView in Frameworks */ = {isa = PBXBuildFile; productRef = 4BCD14D8013242E5894BE991 /* CodeEditorView */; };
		DC6E111D643B618E73255EBA /* FirebaseMessaging in Frameworks */ = {isa = PBXBuildFile; productRef = 1ECBD212526B6D69A1EC7EE4 /* FirebaseMessaging */; };
/* End PBXBuildFile section */

/* Begin PBXContainerItemProxy section */
		877CE6762DF8632800B93778 /* PBXContainerItemProxy */ = {
			isa = PBXContainerItemProxy;
			containerPortal = 877CE65E2DF8632600B93778 /* Project object */;
			proxyType = 1;
			remoteGlobalIDString = 877CE6652DF8632600B93778;
			remoteInfo = CodeAgentsMobile;
		};
		877CE6802DF8632800B93778 /* PBXContainerItemProxy */ = {
			isa = PBXContainerItemProxy;
			containerPortal = 877CE65E2DF8632600B93778 /* Project object */;
			proxyType = 1;
			remoteGlobalIDString = 877CE6652DF8632600B93778;
			remoteInfo = CodeAgentsMobile;
		};
/* End PBXContainerItemProxy section */

/* Begin PBXFileReference section */
		877CE6662DF8632600B93778 /* CodeAgentsMobile.app */ = {isa = PBXFileReference; explicitFileType = wrapper.application; includeInIndex = 0; path = CodeAgentsMobile.app; sourceTree = BUILT_PRODUCTS_DIR; };
		877CE6752DF8632800B93778 /* CodeAgentsMobileTests.xctest */ = {isa = PBXFileReference; explicitFileType = wrapper.cfbundle; includeInIndex = 0; path = CodeAgentsMobileTests.xctest; sourceTree = BUILT_PRODUCTS_DIR; };
		877CE67F2DF8632800B93778 /* CodeAgentsMobileUITests.xctest */ = {isa = PBXFileReference; explicitFileType = wrapper.cfbundle; includeInIndex = 0; path = CodeAgentsMobileUITests.xctest; sourceTree = BUILT_PRODUCTS_DIR; };
		87A321332E21231E00E4A4D1 /* CodeAgentsMobileUITests-Info.plist */ = {isa = PBXFileReference; lastKnownFileType = text.plist; path = "CodeAgentsMobileUITests-Info.plist"; sourceTree = "<group>"; };
		87CEB3282E156C1F00AC3F71 /* LICENSE.txt */ = {isa = PBXFileReference; lastKnownFileType = text; path = LICENSE.txt; sourceTree = "<group>"; };
/* End PBXFileReference section */

/* Begin PBXFileSystemSynchronizedRootGroup section */
		877CE6682DF8632600B93778 /* MobileCode */ = {
			isa = PBXFileSystemSynchronizedRootGroup;
			path = MobileCode;
			sourceTree = "<group>";
		};
		877CE6782DF8632800B93778 /* MobileCodeTests */ = {
			isa = PBXFileSystemSynchronizedRootGroup;
			path = MobileCodeTests;
			sourceTree = "<group>";
		};
		877CE6822DF8632800B93778 /* MobileCodeUITests */ = {
			isa = PBXFileSystemSynchronizedRootGroup;
			path = MobileCodeUITests;
			sourceTree = "<group>";
		};
/* End PBXFileSystemSynchronizedRootGroup section */

/* Begin PBXFrameworksBuildPhase section */
		877CE6632DF8632600B93778 /* Frameworks */ = {
			isa = PBXFrameworksBuildPhase;
			buildActionMask = 2147483647;
			files = (
				A5E9B1B311A241139090CED1 /* CodeEditorView in Frameworks */,
				32AD1948A9AB4C779243424A /* LanguageSupport in Frameworks */,
				877CE6C82DF8902900B93778 /* NIOSSH in Frameworks */,
				87AD5F8C2E1D6B750035A296 /* SwiftASN1 in Frameworks */,
				87E5A1B12F00000100ABCDEF /* ExyteChat in Frameworks */,
				DC6E111D643B618E73255EBA /* FirebaseMessaging in Frameworks */,
			);
			runOnlyForDeploymentPostprocessing = 0;
		};
		877CE6722DF8632800B93778 /* Frameworks */ = {
			isa = PBXFrameworksBuildPhase;
			buildActionMask = 2147483647;
			files = (
			);
			runOnlyForDeploymentPostprocessing = 0;
		};
		877CE67C2DF8632800B93778 /* Frameworks */ = {
			isa = PBXFrameworksBuildPhase;
			buildActionMask = 2147483647;
			files = (
			);
			runOnlyForDeploymentPostprocessing = 0;
		};
/* End PBXFrameworksBuildPhase section */

/* Begin PBXGroup section */
		877CE65D2DF8632600B93778 = {
			isa = PBXGroup;
			children = (
				87A321332E21231E00E4A4D1 /* CodeAgentsMobileUITests-Info.plist */,
				877CE6682DF8632600B93778 /* MobileCode */,
				877CE6782DF8632800B93778 /* MobileCodeTests */,
				877CE6822DF8632800B93778 /* MobileCodeUITests */,
				877CE6672DF8632600B93778 /* Products */,
				87CEB3282E156C1F00AC3F71 /* LICENSE.txt */,
			);
			sourceTree = "<group>";
		};
		877CE6672DF8632600B93778 /* Products */ = {
			isa = PBXGroup;
			children = (
				877CE6662DF8632600B93778 /* CodeAgentsMobile.app */,
				877CE6752DF8632800B93778 /* CodeAgentsMobileTests.xctest */,
				877CE67F2DF8632800B93778 /* CodeAgentsMobileUITests.xctest */,
			);
			name = Products;
			sourceTree = "<group>";
		};
/* End PBXGroup section */

/* Begin PBXNativeTarget section */
		877CE6652DF8632600B93778 /* CodeAgentsMobile */ = {
			isa = PBXNativeTarget;
			buildConfigurationList = 877CE6892DF8632800B93778 /* Build configuration list for PBXNativeTarget "CodeAgentsMobile" */;
			buildPhases = (
				877CE6622DF8632600B93778 /* Sources */,
				877CE6632DF8632600B93778 /* Frameworks */,
				877CE6642DF8632600B93778 /* Resources */,
			);
			buildRules = (
			);
			dependencies = (
			);
			fileSystemSynchronizedGroups = (
				877CE6682DF8632600B93778 /* MobileCode */,
			);
			name = CodeAgentsMobile;
			packageProductDependencies = (
				4BCD14D8013242E5894BE991 /* CodeEditorView */,
				01CA14F4BFA848B596A3B728 /* LanguageSupport */,
				877CE6C72DF8902900B93778 /* NIOSSH */,
				87AD5F8B2E1D6B750035A296 /* SwiftASN1 */,
				87E5A1B02F00000100ABCDEF /* ExyteChat */,
				1ECBD212526B6D69A1EC7EE4 /* FirebaseMessaging */,
			);
			productName = CodeAgentsMobile;
			productReference = 877CE6662DF8632600B93778 /* CodeAgentsMobile.app */;
			productType = "com.apple.product-type.application";
		};
		877CE6742DF8632800B93778 /* CodeAgentsMobileTests */ = {
			isa = PBXNativeTarget;
			buildConfigurationList = 877CE68C2DF8632800B93778 /* Build configuration list for PBXNativeTarget "CodeAgentsMobileTests" */;
			buildPhases = (
				877CE6712DF8632800B93778 /* Sources */,
				877CE6722DF8632800B93778 /* Frameworks */,
				877CE6732DF8632800B93778 /* Resources */,
			);
			buildRules = (
			);
			dependencies = (
				877CE6772DF8632800B93778 /* PBXTargetDependency */,
			);
			fileSystemSynchronizedGroups = (
				877CE6782DF8632800B93778 /* MobileCodeTests */,
			);
			name = CodeAgentsMobileTests;
			packageProductDependencies = (
			);
			productName = CodeAgentsMobileTests;
			productReference = 877CE6752DF8632800B93778 /* CodeAgentsMobileTests.xctest */;
			productType = "com.apple.product-type.bundle.unit-test";
		};
		877CE67E2DF8632800B93778 /* CodeAgentsMobileUITests */ = {
			isa = PBXNativeTarget;
			buildConfigurationList = 877CE68F2DF8632800B93778 /* Build configuration list for PBXNativeTarget "CodeAgentsMobileUITests" */;
			buildPhases = (
				877CE67B2DF8632800B93778 /* Sources */,
				877CE67C2DF8632800B93778 /* Frameworks */,
				877CE67D2DF8632800B93778 /* Resources */,
			);
			buildRules = (
			);
			dependencies = (
				877CE6812DF8632800B93778 /* PBXTargetDependency */,
			);
			fileSystemSynchronizedGroups = (
				877CE6822DF8632800B93778 /* MobileCodeUITests */,
			);
			name = CodeAgentsMobileUITests;
			packageProductDependencies = (
			);
			productName = CodeAgentsMobileUITests;
			productReference = 877CE67F2DF8632800B93778 /* CodeAgentsMobileUITests.xctest */;
			productType = "com.apple.product-type.bundle.ui-testing";
		};
/* End PBXNativeTarget section */

/* Begin PBXProject section */
		877CE65E2DF8632600B93778 /* Project object */ = {
			isa = PBXProject;
			attributes = {
				BuildIndependentTargetsInParallel = 1;
				LastSwiftUpdateCheck = 1640;
				LastUpgradeCheck = 2620;
				TargetAttributes = {
					877CE6652DF8632600B93778 = {
						CreatedOnToolsVersion = 16.4;
					};
					877CE6742DF8632800B93778 = {
						CreatedOnToolsVersion = 16.4;
						TestTargetID = 877CE6652DF8632600B93778;
					};
					877CE67E2DF8632800B93778 = {
						CreatedOnToolsVersion = 16.4;
						TestTargetID = 877CE6652DF8632600B93778;
					};
				};
			};
			buildConfigurationList = 877CE6612DF8632600B93778 /* Build configuration list for PBXProject "CodeAgentsMobile" */;
			developmentRegion = en;
			hasScannedForEncodings = 0;
			knownRegions = (
				en,
				Base,
			);
			mainGroup = 877CE65D2DF8632600B93778;
			minimizedProjectReferenceProxies = 1;
			packageReferences = (
				54E2E2A61FA74640A2198C5E /* XCRemoteSwiftPackageReference "CodeEditorView" */,
				D7DEF1EFE09463878DB86E1B /* XCRemoteSwiftPackageReference "firebase-ios-sdk" */,
				877CE6C62DF8902900B93778 /* XCRemoteSwiftPackageReference "swift-nio-ssh" */,
				87AD5E842E1D349A0035A296 /* XCRemoteSwiftPackageReference "OpenSSL-Package" */,
				87AD5F8A2E1D69DF0035A296 /* XCRemoteSwiftPackageReference "swift-asn1" */,
				87BE57602EB3F9210099D409 /* XCRemoteSwiftPackageReference "swift-eventsource" */,
				87E5A1AF2F00000100ABCDEF /* XCRemoteSwiftPackageReference "Chat" */,
			);
			preferredProjectObjectVersion = 77;
			productRefGroup = 877CE6672DF8632600B93778 /* Products */;
			projectDirPath = "";
			projectRoot = "";
			targets = (
				877CE6652DF8632600B93778 /* CodeAgentsMobile */,
				877CE6742DF8632800B93778 /* CodeAgentsMobileTests */,
				877CE67E2DF8632800B93778 /* CodeAgentsMobileUITests */,
			);
		};
/* End PBXProject section */

/* Begin PBXResourcesBuildPhase section */
		877CE6642DF8632600B93778 /* Resources */ = {
			isa = PBXResourcesBuildPhase;
			buildActionMask = 2147483647;
			files = (
				87CEB3292E156C1F00AC3F71 /* LICENSE.txt in Resources */,
			);
			runOnlyForDeploymentPostprocessing = 0;
		};
		877CE6732DF8632800B93778 /* Resources */ = {
			isa = PBXResourcesBuildPhase;
			buildActionMask = 2147483647;
			files = (
			);
			runOnlyForDeploymentPostprocessing = 0;
		};
		877CE67D2DF8632800B93778 /* Resources */ = {
			isa = PBXResourcesBuildPhase;
			buildActionMask = 2147483647;
			files = (
			);
			runOnlyForDeploymentPostprocessing = 0;
		};
/* End PBXResourcesBuildPhase section */

/* Begin PBXSourcesBuildPhase section */
		877CE6622DF8632600B93778 /* Sources */ = {
			isa = PBXSourcesBuildPhase;
			buildActionMask = 2147483647;
			files = (
			);
			runOnlyForDeploymentPostprocessing = 0;
		};
		877CE6712DF8632800B93778 /* Sources */ = {
			isa = PBXSourcesBuildPhase;
			buildActionMask = 2147483647;
			files = (
			);
			runOnlyForDeploymentPostprocessing = 0;
		};
		877CE67B2DF8632800B93778 /* Sources */ = {
			isa = PBXSourcesBuildPhase;
			buildActionMask = 2147483647;
			files = (
			);
			runOnlyForDeploymentPostprocessing = 0;
		};
/* End PBXSourcesBuildPhase section */

/* Begin PBXTargetDependency section */
		877CE6772DF8632800B93778 /* PBXTargetDependency */ = {
			isa = PBXTargetDependency;
			target = 877CE6652DF8632600B93778 /* CodeAgentsMobile */;
			targetProxy = 877CE6762DF8632800B93778 /* PBXContainerItemProxy */;
		};
		877CE6812DF8632800B93778 /* PBXTargetDependency */ = {
			isa = PBXTargetDependency;
			target = 877CE6652DF8632600B93778 /* CodeAgentsMobile */;
			targetProxy = 877CE6802DF8632800B93778 /* PBXContainerItemProxy */;
		};
/* End PBXTargetDependency section */

/* Begin XCBuildConfiguration section */
		877CE6872DF8632800B93778 /* Debug */ = {
			isa = XCBuildConfiguration;
			buildSettings = {
				ALWAYS_SEARCH_USER_PATHS = NO;
				ASSETCATALOG_COMPILER_GENERATE_SWIFT_ASSET_SYMBOL_EXTENSIONS = YES;
				CLANG_ANALYZER_NONNULL = YES;
				CLANG_ANALYZER_NUMBER_OBJECT_CONVERSION = YES_AGGRESSIVE;
				CLANG_CXX_LANGUAGE_STANDARD = "gnu++20";
				CLANG_ENABLE_MODULES = YES;
				CLANG_ENABLE_OBJC_ARC = YES;
				CLANG_ENABLE_OBJC_WEAK = YES;
				CLANG_WARN_BLOCK_CAPTURE_AUTORELEASING = YES;
				CLANG_WARN_BOOL_CONVERSION = YES;
				CLANG_WARN_COMMA = YES;
				CLANG_WARN_CONSTANT_CONVERSION = YES;
				CLANG_WARN_DEPRECATED_OBJC_IMPLEMENTATIONS = YES;
				CLANG_WARN_DIRECT_OBJC_ISA_USAGE = YES_ERROR;
				CLANG_WARN_DOCUMENTATION_COMMENTS = YES;
				CLANG_WARN_EMPTY_BODY = YES;
				CLANG_WARN_ENUM_CONVERSION = YES;
				CLANG_WARN_INFINITE_RECURSION = YES;
				CLANG_WARN_INT_CONVERSION = YES;
				CLANG_WARN_NON_LITERAL_NULL_CONVERSION = YES;
				CLANG_WARN_OBJC_IMPLICIT_RETAIN_SELF = YES;
				CLANG_WARN_OBJC_LITERAL_CONVERSION = YES;
				CLANG_WARN_OBJC_ROOT_CLASS = YES_ERROR;
				CLANG_WARN_QUOTED_INCLUDE_IN_FRAMEWORK_HEADER = YES;
				CLANG_WARN_RANGE_LOOP_ANALYSIS = YES;
				CLANG_WARN_STRICT_PROTOTYPES = YES;
				CLANG_WARN_SUSPICIOUS_MOVE = YES;
				CLANG_WARN_UNGUARDED_AVAILABILITY = YES_AGGRESSIVE;
				CLANG_WARN_UNREACHABLE_CODE = YES;
				CLANG_WARN__DUPLICATE_METHOD_MATCH = YES;
				COPY_PHASE_STRIP = NO;
				DEBUG_INFORMATION_FORMAT = dwarf;
				DEVELOPMENT_TEAM = VXRLZNZH2E;
				ENABLE_STRICT_OBJC_MSGSEND = YES;
				ENABLE_TESTABILITY = YES;
				ENABLE_USER_SCRIPT_SANDBOXING = YES;
				GCC_C_LANGUAGE_STANDARD = gnu17;
				GCC_DYNAMIC_NO_PIC = NO;
				GCC_NO_COMMON_BLOCKS = YES;
				GCC_OPTIMIZATION_LEVEL = 0;
				GCC_PREPROCESSOR_DEFINITIONS = (
					"DEBUG=1",
					"$(inherited)",
				);
				GCC_WARN_64_TO_32_BIT_CONVERSION = YES;
				GCC_WARN_ABOUT_RETURN_TYPE = YES_ERROR;
				GCC_WARN_UNDECLARED_SELECTOR = YES;
				GCC_WARN_UNINITIALIZED_AUTOS = YES_AGGRESSIVE;
				GCC_WARN_UNUSED_FUNCTION = YES;
				GCC_WARN_UNUSED_VARIABLE = YES;
				IPHONEOS_DEPLOYMENT_TARGET = 18.0;
				LOCALIZATION_PREFERS_STRING_CATALOGS = YES;
				MTL_ENABLE_DEBUG_INFO = INCLUDE_SOURCE;
				MTL_FAST_MATH = YES;
				ONLY_ACTIVE_ARCH = YES;
				SDKROOT = iphoneos;
				STRING_CATALOG_GENERATE_SYMBOLS = YES;
				SWIFT_ACTIVE_COMPILATION_CONDITIONS = "DEBUG $(inherited)";
				SWIFT_OPTIMIZATION_LEVEL = "-Onone";
			};
			name = Debug;
		};
		877CE6882DF8632800B93778 /* Release */ = {
			isa = XCBuildConfiguration;
			buildSettings = {
				ALWAYS_SEARCH_USER_PATHS = NO;
				ASSETCATALOG_COMPILER_GENERATE_SWIFT_ASSET_SYMBOL_EXTENSIONS = YES;
				CLANG_ANALYZER_NONNULL = YES;
				CLANG_ANALYZER_NUMBER_OBJECT_CONVERSION = YES_AGGRESSIVE;
				CLANG_CXX_LANGUAGE_STANDARD = "gnu++20";
				CLANG_ENABLE_MODULES = YES;
				CLANG_ENABLE_OBJC_ARC = YES;
				CLANG_ENABLE_OBJC_WEAK = YES;
				CLANG_WARN_BLOCK_CAPTURE_AUTORELEASING = YES;
				CLANG_WARN_BOOL_CONVERSION = YES;
				CLANG_WARN_COMMA = YES;
				CLANG_WARN_CONSTANT_CONVERSION = YES;
				CLANG_WARN_DEPRECATED_OBJC_IMPLEMENTATIONS = YES;
				CLANG_WARN_DIRECT_OBJC_ISA_USAGE = YES_ERROR;
				CLANG_WARN_DOCUMENTATION_COMMENTS = YES;
				CLANG_WARN_EMPTY_BODY = YES;
				CLANG_WARN_ENUM_CONVERSION = YES;
				CLANG_WARN_INFINITE_RECURSION = YES;
				CLANG_WARN_INT_CONVERSION = YES;
				CLANG_WARN_NON_LITERAL_NULL_CONVERSION = YES;
				CLANG_WARN_OBJC_IMPLICIT_RETAIN_SELF = YES;
				CLANG_WARN_OBJC_LITERAL_CONVERSION = YES;
				CLANG_WARN_OBJC_ROOT_CLASS = YES_ERROR;
				CLANG_WARN_QUOTED_INCLUDE_IN_FRAMEWORK_HEADER = YES;
				CLANG_WARN_RANGE_LOOP_ANALYSIS = YES;
				CLANG_WARN_STRICT_PROTOTYPES = YES;
				CLANG_WARN_SUSPICIOUS_MOVE = YES;
				CLANG_WARN_UNGUARDED_AVAILABILITY = YES_AGGRESSIVE;
				CLANG_WARN_UNREACHABLE_CODE = YES;
				CLANG_WARN__DUPLICATE_METHOD_MATCH = YES;
				COPY_PHASE_STRIP = NO;
				DEBUG_INFORMATION_FORMAT = "dwarf-with-dsym";
				DEVELOPMENT_TEAM = VXRLZNZH2E;
				ENABLE_NS_ASSERTIONS = NO;
				ENABLE_STRICT_OBJC_MSGSEND = YES;
				ENABLE_USER_SCRIPT_SANDBOXING = YES;
				GCC_C_LANGUAGE_STANDARD = gnu17;
				GCC_NO_COMMON_BLOCKS = YES;
				GCC_WARN_64_TO_32_BIT_CONVERSION = YES;
				GCC_WARN_ABOUT_RETURN_TYPE = YES_ERROR;
				GCC_WARN_UNDECLARED_SELECTOR = YES;
				GCC_WARN_UNINITIALIZED_AUTOS = YES_AGGRESSIVE;
				GCC_WARN_UNUSED_FUNCTION = YES;
				GCC_WARN_UNUSED_VARIABLE = YES;
				IPHONEOS_DEPLOYMENT_TARGET = 18.0;
				LOCALIZATION_PREFERS_STRING_CATALOGS = YES;
				MTL_ENABLE_DEBUG_INFO = NO;
				MTL_FAST_MATH = YES;
				SDKROOT = iphoneos;
				STRING_CATALOG_GENERATE_SYMBOLS = YES;
				SWIFT_COMPILATION_MODE = wholemodule;
				VALIDATE_PRODUCT = YES;
			};
			name = Release;
		};
		877CE68A2DF8632800B93778 /* Debug */ = {
			isa = XCBuildConfiguration;
			buildSettings = {
				APS_ENVIRONMENT = development;
				ASSETCATALOG_COMPILER_APPICON_NAME = AppIcon;
				ASSETCATALOG_COMPILER_GLOBAL_ACCENT_COLOR_NAME = AccentColor;
				ASSETCATALOG_COMPILER_INCLUDE_ALL_APPICON_ASSETS = NO;
				CODE_SIGN_ENTITLEMENTS = MobileCode/CodeAgentsMobile.entitlements;
				CODE_SIGN_STYLE = Automatic;
				CURRENT_PROJECT_VERSION = 1;
				DEVELOPMENT_TEAM = VXRLZNZH2E;
				ENABLE_PREVIEWS = YES;
				GENERATE_INFOPLIST_FILE = YES;
				INFOPLIST_KEY_CFBundleDisplayName = "Code Agents";
				INFOPLIST_KEY_ITSAppUsesNonExemptEncryption = NO;
				INFOPLIST_KEY_LSApplicationCategoryType = "public.app-category.developer-tools";
				INFOPLIST_KEY_NSCameraUsageDescription = "Code Agents uses the camera so you can take photos and attach them to chats.";
				INFOPLIST_KEY_UIApplicationSceneManifest_Generation = YES;
				INFOPLIST_KEY_UIApplicationSupportsIndirectInputEvents = YES;
				INFOPLIST_KEY_UIBackgroundModes = "remote-notification";
				INFOPLIST_KEY_UILaunchScreen_Generation = YES;
				INFOPLIST_KEY_UIStatusBarHidden = YES;
				INFOPLIST_KEY_UIStatusBarStyle = "";
				INFOPLIST_KEY_UISupportedInterfaceOrientations_iPad = "UIInterfaceOrientationPortrait UIInterfaceOrientationPortraitUpsideDown UIInterfaceOrientationLandscapeLeft UIInterfaceOrientationLandscapeRight";
				INFOPLIST_KEY_UISupportedInterfaceOrientations_iPhone = "UIInterfaceOrientationPortrait UIInterfaceOrientationLandscapeLeft UIInterfaceOrientationLandscapeRight";
				LD_RUNPATH_SEARCH_PATHS = (
					"$(inherited)",
					"@executable_path/Frameworks",
				);
				MARKETING_VERSION = 1.6;
				PRODUCT_BUNDLE_IDENTIFIER = lifeisgoodlabs.CodeAgentsMobile;
				PRODUCT_NAME = "$(TARGET_NAME)";
				SUPPORTED_PLATFORMS = "iphoneos iphonesimulator";
				SUPPORTS_MACCATALYST = NO;
				SUPPORTS_MAC_DESIGNED_FOR_IPHONE_IPAD = NO;
				SUPPORTS_XR_DESIGNED_FOR_IPHONE_IPAD = NO;
				SWIFT_EMIT_LOC_STRINGS = YES;
				SWIFT_VERSION = 5.0;
				TARGETED_DEVICE_FAMILY = 1;
			};
			name = Debug;
		};
		877CE68B2DF8632800B93778 /* Release */ = {
			isa = XCBuildConfiguration;
			buildSettings = {
				APS_ENVIRONMENT = production;
				ASSETCATALOG_COMPILER_APPICON_NAME = AppIcon;
				ASSETCATALOG_COMPILER_GLOBAL_ACCENT_COLOR_NAME = AccentColor;
				ASSETCATALOG_COMPILER_INCLUDE_ALL_APPICON_ASSETS = NO;
				CODE_SIGN_ENTITLEMENTS = MobileCode/CodeAgentsMobile.entitlements;
				CODE_SIGN_STYLE = Automatic;
				CURRENT_PROJECT_VERSION = 1;
				DEVELOPMENT_TEAM = VXRLZNZH2E;
				ENABLE_PREVIEWS = YES;
				GENERATE_INFOPLIST_FILE = YES;
				INFOPLIST_KEY_CFBundleDisplayName = "Code Agents";
				INFOPLIST_KEY_ITSAppUsesNonExemptEncryption = NO;
				INFOPLIST_KEY_LSApplicationCategoryType = "public.app-category.developer-tools";
				INFOPLIST_KEY_NSCameraUsageDescription = "Code Agents uses the camera so you can take photos and attach them to chats.";
				INFOPLIST_KEY_UIApplicationSceneManifest_Generation = YES;
				INFOPLIST_KEY_UIApplicationSupportsIndirectInputEvents = YES;
				INFOPLIST_KEY_UIBackgroundModes = "remote-notification";
				INFOPLIST_KEY_UILaunchScreen_Generation = YES;
				INFOPLIST_KEY_UIStatusBarHidden = YES;
				INFOPLIST_KEY_UIStatusBarStyle = "";
				INFOPLIST_KEY_UISupportedInterfaceOrientations_iPad = "UIInterfaceOrientationPortrait UIInterfaceOrientationPortraitUpsideDown UIInterfaceOrientationLandscapeLeft UIInterfaceOrientationLandscapeRight";
				INFOPLIST_KEY_UISupportedInterfaceOrientations_iPhone = "UIInterfaceOrientationPortrait UIInterfaceOrientationLandscapeLeft UIInterfaceOrientationLandscapeRight";
				LD_RUNPATH_SEARCH_PATHS = (
					"$(inherited)",
					"@executable_path/Frameworks",
				);
				MARKETING_VERSION = 1.6;
				PRODUCT_BUNDLE_IDENTIFIER = lifeisgoodlabs.CodeAgentsMobile;
				PRODUCT_NAME = "$(TARGET_NAME)";
				SUPPORTED_PLATFORMS = "iphoneos iphonesimulator";
				SUPPORTS_MACCATALYST = NO;
				SUPPORTS_MAC_DESIGNED_FOR_IPHONE_IPAD = NO;
				SUPPORTS_XR_DESIGNED_FOR_IPHONE_IPAD = NO;
				SWIFT_EMIT_LOC_STRINGS = YES;
				SWIFT_VERSION = 5.0;
				TARGETED_DEVICE_FAMILY = 1;
			};
			name = Release;
		};
		877CE68D2DF8632800B93778 /* Debug */ = {
			isa = XCBuildConfiguration;
			buildSettings = {
				BUNDLE_LOADER = "$(TEST_HOST)";
				CODE_SIGN_STYLE = Automatic;
				CURRENT_PROJECT_VERSION = 1;
				DEVELOPMENT_TEAM = VXRLZNZH2E;
				GENERATE_INFOPLIST_FILE = YES;
				IPHONEOS_DEPLOYMENT_TARGET = 18.5;
				MARKETING_VERSION = 1.6;
				PRODUCT_BUNDLE_IDENTIFIER = lifeisgoodlabs.CodeAgentsMobileTests;
				PRODUCT_NAME = "$(TARGET_NAME)";
				SWIFT_EMIT_LOC_STRINGS = NO;
				SWIFT_VERSION = 5.0;
				TARGETED_DEVICE_FAMILY = "1,2";
				TEST_HOST = "$(BUILT_PRODUCTS_DIR)/CodeAgentsMobile.app/$(BUNDLE_EXECUTABLE_FOLDER_PATH)/CodeAgentsMobile";
			};
			name = Debug;
		};
		877CE68E2DF8632800B93778 /* Release */ = {
			isa = XCBuildConfiguration;
			buildSettings = {
				BUNDLE_LOADER = "$(TEST_HOST)";
				CODE_SIGN_STYLE = Automatic;
				CURRENT_PROJECT_VERSION = 1;
				DEVELOPMENT_TEAM = VXRLZNZH2E;
				GENERATE_INFOPLIST_FILE = YES;
				IPHONEOS_DEPLOYMENT_TARGET = 18.5;
				MARKETING_VERSION = 1.6;
				PRODUCT_BUNDLE_IDENTIFIER = lifeisgoodlabs.CodeAgentsMobileTests;
				PRODUCT_NAME = "$(TARGET_NAME)";
				SWIFT_EMIT_LOC_STRINGS = NO;
				SWIFT_VERSION = 5.0;
				TARGETED_DEVICE_FAMILY = "1,2";
				TEST_HOST = "$(BUILT_PRODUCTS_DIR)/CodeAgentsMobile.app/$(BUNDLE_EXECUTABLE_FOLDER_PATH)/CodeAgentsMobile";
			};
			name = Release;
		};
		877CE6902DF8632800B93778 /* Debug */ = {
			isa = XCBuildConfiguration;
			buildSettings = {
				"CODE_SIGN_IDENTITY[sdk=macosx*]" = "Apple Development";
				CODE_SIGN_STYLE = Automatic;
				CURRENT_PROJECT_VERSION = 1;
				DEVELOPMENT_TEAM = VXRLZNZH2E;
				GENERATE_INFOPLIST_FILE = YES;
				INFOPLIST_FILE = "CodeAgentsMobileUITests-Info.plist";
				INFOPLIST_KEY_ITSAppUsesNonExemptEncryption = NO;
				INFOPLIST_KEY_NSLocalNetworkUsageDescription = "This app needs to discover and communicate with devices on your local network.";
				IPHONEOS_DEPLOYMENT_TARGET = 18.0;
				ITSAppUsesNonExemptEncryption = NO;
				MARKETING_VERSION = 1.6;
				PRODUCT_BUNDLE_IDENTIFIER = lifeisgoodlabs.CodeAgentsMobileUITests;
				PRODUCT_NAME = "$(TARGET_NAME)";
				SWIFT_EMIT_LOC_STRINGS = NO;
				SWIFT_VERSION = 5.0;
				TARGETED_DEVICE_FAMILY = "1,2";
				TEST_TARGET_NAME = CodeAgentsMobile;
			};
			name = Debug;
		};
		877CE6912DF8632800B93778 /* Release */ = {
			isa = XCBuildConfiguration;
			buildSettings = {
				"CODE_SIGN_IDENTITY[sdk=macosx*]" = "Apple Development";
				CODE_SIGN_STYLE = Automatic;
				CURRENT_PROJECT_VERSION = 1;
				DEVELOPMENT_TEAM = VXRLZNZH2E;
				GENERATE_INFOPLIST_FILE = YES;
				INFOPLIST_FILE = "CodeAgentsMobileUITests-Info.plist";
				INFOPLIST_KEY_ITSAppUsesNonExemptEncryption = NO;
				INFOPLIST_KEY_NSLocalNetworkUsageDescription = "This app needs to discover and communicate with devices on your local network.";
				IPHONEOS_DEPLOYMENT_TARGET = 18.0;
				ITSAppUsesNonExemptEncryption = NO;
				MARKETING_VERSION = 1.6;
				PRODUCT_BUNDLE_IDENTIFIER = lifeisgoodlabs.CodeAgentsMobileUITests;
				PRODUCT_NAME = "$(TARGET_NAME)";
				SWIFT_EMIT_LOC_STRINGS = NO;
				SWIFT_VERSION = 5.0;
				TARGETED_DEVICE_FAMILY = "1,2";
				TEST_TARGET_NAME = CodeAgentsMobile;
			};
			name = Release;
		};
/* End XCBuildConfiguration section */

/* Begin XCConfigurationList section */
		877CE6612DF8632600B93778 /* Build configuration list for PBXProject "CodeAgentsMobile" */ = {
			isa = XCConfigurationList;
			buildConfigurations = (
				877CE6872DF8632800B93778 /* Debug */,
				877CE6882DF8632800B93778 /* Release */,
			);
			defaultConfigurationIsVisible = 0;
			defaultConfigurationName = Release;
		};
		877CE6892DF8632800B93778 /* Build configuration list for PBXNativeTarget "CodeAgentsMobile" */ = {
			isa = XCConfigurationList;
			buildConfigurations = (
				877CE68A2DF8632800B93778 /* Debug */,
				877CE68B2DF8632800B93778 /* Release */,
			);
			defaultConfigurationIsVisible = 0;
			defaultConfigurationName = Release;
		};
		877CE68C2DF8632800B93778 /* Build configuration list for PBXNativeTarget "CodeAgentsMobileTests" */ = {
			isa = XCConfigurationList;
			buildConfigurations = (
				877CE68D2DF8632800B93778 /* Debug */,
				877CE68E2DF8632800B93778 /* Release */,
			);
			defaultConfigurationIsVisible = 0;
			defaultConfigurationName = Release;
		};
		877CE68F2DF8632800B93778 /* Build configuration list for PBXNativeTarget "CodeAgentsMobileUITests" */ = {
			isa = XCConfigurationList;
			buildConfigurations = (
				877CE6902DF8632800B93778 /* Debug */,
				877CE6912DF8632800B93778 /* Release */,
			);
			defaultConfigurationIsVisible = 0;
			defaultConfigurationName = Release;
		};
/* End XCConfigurationList section */

/* Begin XCRemoteSwiftPackageReference section */
		54E2E2A61FA74640A2198C5E /* XCRemoteSwiftPackageReference "CodeEditorView" */ = {
			isa = XCRemoteSwiftPackageReference;
			repositoryURL = "https://github.com/mchakravarty/CodeEditorView";
			requirement = {
				kind = upToNextMajorVersion;
				minimumVersion = 0.15.4;
			};
		};
		877CE6C62DF8902900B93778 /* XCRemoteSwiftPackageReference "swift-nio-ssh" */ = {
			isa = XCRemoteSwiftPackageReference;
			repositoryURL = "https://github.com/apple/swift-nio-ssh";
			requirement = {
				kind = upToNextMajorVersion;
				minimumVersion = 0.10.0;
			};
		};
		87AD5E842E1D349A0035A296 /* XCRemoteSwiftPackageReference "OpenSSL-Package" */ = {
			isa = XCRemoteSwiftPackageReference;
			repositoryURL = "https://github.com/krzyzanowskim/OpenSSL-Package.git";
			requirement = {
				kind = upToNextMajorVersion;
				minimumVersion = 3.3.3001;
			};
		};
		87AD5F8A2E1D69DF0035A296 /* XCRemoteSwiftPackageReference "swift-asn1" */ = {
			isa = XCRemoteSwiftPackageReference;
			repositoryURL = "https://github.com/apple/swift-asn1.git";
			requirement = {
				kind = upToNextMajorVersion;
				minimumVersion = 1.4.0;
			};
		};
		87BE57602EB3F9210099D409 /* XCRemoteSwiftPackageReference "swift-eventsource" */ = {
			isa = XCRemoteSwiftPackageReference;
			repositoryURL = "https://github.com/launchdarkly/swift-eventsource";
			requirement = {
				kind = upToNextMajorVersion;
				minimumVersion = 3.3.0;
			};
		};
		87E5A1AF2F00000100ABCDEF /* XCRemoteSwiftPackageReference "Chat" */ = {
			isa = XCRemoteSwiftPackageReference;
			repositoryURL = "https://github.com/exyte/Chat.git";
			requirement = {
				kind = upToNextMajorVersion;
				minimumVersion = 2.7.4;
			};
		};
		D7DEF1EFE09463878DB86E1B /* XCRemoteSwiftPackageReference "firebase-ios-sdk" */ = {
			isa = XCRemoteSwiftPackageReference;
			repositoryURL = "https://github.com/firebase/firebase-ios-sdk";
			requirement = {
				kind = upToNextMajorVersion;
				minimumVersion = 10.0.0;
			};
		};
/* End XCRemoteSwiftPackageReference section */

/* Begin XCSwiftPackageProductDependency section */
		01CA14F4BFA848B596A3B728 /* LanguageSupport */ = {
			isa = XCSwiftPackageProductDependency;
			package = 54E2E2A61FA74640A2198C5E /* XCRemoteSwiftPackageReference "CodeEditorView" */;
			productName = LanguageSupport;
		};
		1ECBD212526B6D69A1EC7EE4 /* FirebaseMessaging */ = {
			isa = XCSwiftPackageProductDependency;
			package = D7DEF1EFE09463878DB86E1B /* XCRemoteSwiftPackageReference "firebase-ios-sdk" */;
			productName = FirebaseMessaging;
		};
		4BCD14D8013242E5894BE991 /* CodeEditorView */ = {
			isa = XCSwiftPackageProductDependency;
			package = 54E2E2A61FA74640A2198C5E /* XCRemoteSwiftPackageReference "CodeEditorView" */;
			productName = CodeEditorView;
		};
		877CE6C72DF8902900B93778 /* NIOSSH */ = {
			isa = XCSwiftPackageProductDependency;
			package = 877CE6C62DF8902900B93778 /* XCRemoteSwiftPackageReference "swift-nio-ssh" */;
			productName = NIOSSH;
		};
		87AD5F8B2E1D6B750035A296 /* SwiftASN1 */ = {
			isa = XCSwiftPackageProductDependency;
			package = 87AD5F8A2E1D69DF0035A296 /* XCRemoteSwiftPackageReference "swift-asn1" */;
			productName = SwiftASN1;
		};
		87E5A1B02F00000100ABCDEF /* ExyteChat */ = {
			isa = XCSwiftPackageProductDependency;
			package = 87E5A1AF2F00000100ABCDEF /* XCRemoteSwiftPackageReference "Chat" */;
			productName = ExyteChat;
		};
/* End XCSwiftPackageProductDependency section */
	};
	rootObject = 877CE65E2DF8632600B93778 /* Project object */;
}
